
Microsoft Visual Studio Solution File, Format Version 12.00
# Visual Studio Version 17
VisualStudioVersion = 17.3.32901.215
MinimumVisualStudioVersion = 10.0.40219.1
Project("{9A19103F-16F7-4668-BE54-9A1E7A4F7556}") = "ClassesExamples", "ClassesExamples\ClassesExamples.csproj", "{F261CE8A-5D11-468F-B657-9634767B3A03}"
EndProject
Project("{9A19103F-16F7-4668-BE54-9A1E7A4F7556}") = "TestExamples", "TestExamples\TestExamples.csproj", "{CDA5DF83-69CA-4B8E-89DD-269F84F7EA7C}"
EndProject
Project("{9A19103F-16F7-4668-BE54-9A1E7A4F7556}") = "TestExamplesTests", "TestExamplesTests\TestExamplesTests.csproj", "{316DE7AC-0BC0-4DD2-97AE-B897209D7489}"
EndProject
Project("{2150E333-8FDC-42A3-9474-1A3956D46DE8}") = "Solid", "Solid", "{9B7D1A33-3C0A-4512-A86B-981FEA4D1AA0}"
EndProject
Project("{2150E333-8FDC-42A3-9474-1A3956D46DE8}") = "1.SRP", "1.SRP", "{7C4FA277-3519-411A-BC08-8A4A13659B53}"
EndProject
Project("{9A19103F-16F7-4668-BE54-9A1E7A4F7556}") = "SRP", "SRP\SRP.csproj", "{852217D6-BDA1-463F-BC62-1950CE0B1B8B}"
EndProject
Project("{2150E333-8FDC-42A3-9474-1A3956D46DE8}") = "3.LSP", "3.LSP", "{D467B229-8132-4D46-9508-2ABBF432AE4C}"
EndProject
Project("{9A19103F-16F7-4668-BE54-9A1E7A4F7556}") = "LSP", "LSP\LSP.csproj", "{6B8ABFEC-3FB1-4B79-8618-72AF838E3E30}"
EndProject
Project("{2150E333-8FDC-42A3-9474-1A3956D46DE8}") = "4.ISP, 5.DIP", "4.ISP, 5.DIP", "{790AF199-67D2-4AF1-A657-9C5390651ED6}"
EndProject
Project("{2150E333-8FDC-42A3-9474-1A3956D46DE8}") = "Bad", "Bad", "{41E10902-ED8E-4CB7-94D2-539A7AEE0A8B}"
EndProject
Project("{2150E333-8FDC-42A3-9474-1A3956D46DE8}") = "Good", "Good", "{C8E1606E-C357-42AE-81B8-6F3950885C7E}"
EndProject
Project("{9A19103F-16F7-4668-BE54-9A1E7A4F7556}") = "BadConfiguration", "BadConfiguration\BadConfiguration.csproj", "{AC59DEE6-2668-4289-9AC7-DAD550553884}"
EndProject
Project("{9A19103F-16F7-4668-BE54-9A1E7A4F7556}") = "BadPlayer", "BadPlayer\BadPlayer.csproj", "{39D18D48-0AD3-4878-90AE-85A84098435D}"
EndProject
Project("{9A19103F-16F7-4668-BE54-9A1E7A4F7556}") = "BadPhysics", "BadPhysics\BadPhysics.csproj", "{8C66A394-20D1-49A8-8D46-58199094A53E}"
EndProject
Project("{9A19103F-16F7-4668-BE54-9A1E7A4F7556}") = "BadStatisistics", "BadStatisistics\BadStatisistics.csproj", "{EE5FF8AB-3566-4667-99E3-555EB756B0ED}"
EndProject
Project("{9A19103F-16F7-4668-BE54-9A1E7A4F7556}") = "GoodConfiguration", "GoodConfiguration\GoodConfiguration.csproj", "{7AC4156C-BC82-4B62-8AFF-1406FBDC9FF4}"
EndProject
Project("{9A19103F-16F7-4668-BE54-9A1E7A4F7556}") = "GoodPlayer", "GoodPlayer\GoodPlayer.csproj", "{70FCA0FD-F115-4BAF-88C0-48898D78B15A}"
EndProject
Project("{9A19103F-16F7-4668-BE54-9A1E7A4F7556}") = "GoodStatistics", "GoodStatistics\GoodStatistics.csproj", "{1903543C-592A-4E54-8784-9CFCD8D23936}"
EndProject
Project("{9A19103F-16F7-4668-BE54-9A1E7A4F7556}") = "GoodPhysics", "GoodPhysics\GoodPhysics.csproj", "{FC782A0B-DC73-4302-83D1-CB2335233C4D}"
EndProject
Project("{9A19103F-16F7-4668-BE54-9A1E7A4F7556}") = "Dependencies", "Dependencies\Dependencies.csproj", "{2E5AA03F-D7A1-4167-A8A7-AE75C1EC2DD3}"
EndProject
Project("{9A19103F-16F7-4668-BE54-9A1E7A4F7556}") = "MethodsExamples", "MethodsExamples\MethodsExamples.csproj", "{DEC3A874-C6C0-4E98-A182-73469EEE624C}"
EndProject
Project("{9A19103F-16F7-4668-BE54-9A1E7A4F7556}") = "Async", "Async\Async.csproj", "{EA47DB71-22C6-476B-B5AC-3ED35F1ACB6C}"
EndProject
Project("{9A19103F-16F7-4668-BE54-9A1E7A4F7556}") = "Reactive", "Reactive\Reactive.csproj", "{5BCC07D6-5D8B-4B2F-BAD4-5277417B81FC}"
EndProject
Project("{2150E333-8FDC-42A3-9474-1A3956D46DE8}") = "Patterns", "Patterns", "{8958286D-E24F-4497-ABFF-8BE7568AF223}"
EndProject
Project("{9A19103F-16F7-4668-BE54-9A1E7A4F7556}") = "Patterns", "Patterns\Patterns.csproj", "{BFB5984A-C821-49BC-9F4C-C2542A069DE3}"
EndProject
Project("{9A19103F-16F7-4668-BE54-9A1E7A4F7556}") = "ParallelIssues", "ParallelIssues\ParallelIssues.csproj", "{1141BBCC-322F-4ABB-8E7F-CA6105A286A1}"
EndProject
Project("{9A19103F-16F7-4668-BE54-9A1E7A4F7556}") = "PatternsConsoleApplication", "PatternsConsoleApplication\PatternsConsoleApplication.csproj", "{0BE06474-6205-445F-A448-8816097E986F}"
EndProject
Project("{2150E333-8FDC-42A3-9474-1A3956D46DE8}") = "Asynchronous", "Asynchronous", "{35F3C395-906B-4A31-B63B-8F637F96766C}"
EndProject
Project("{9A19103F-16F7-4668-BE54-9A1E7A4F7556}") = "AsyncFiniteStateMachine", "AsyncFiniteStateMachine\AsyncFiniteStateMachine.csproj", "{224EF2D7-C82D-424F-BAAC-0D1707F960F2}"
EndProject
Project("{9A19103F-16F7-4668-BE54-9A1E7A4F7556}") = "AsyncFiniteStateMachineDecompiled", "AsyncFiniteStateMachineDecompiled\AsyncFiniteStateMachineDecompiled.csproj", "{43C7AE29-F063-4D65-ABF3-7545D870762F}"
EndProject
Project("{2150E333-8FDC-42A3-9474-1A3956D46DE8}") = "DataBase", "DataBase", "{A6D64FEF-9D19-4DEF-B8ED-83F4E1407D6F}"
EndProject
Project("{9A19103F-16F7-4668-BE54-9A1E7A4F7556}") = "Ado", "Ado\Ado.csproj", "{72F91DF4-B5BE-41FB-BEB4-28E6DF9AC5A9}"
EndProject
Project("{9A19103F-16F7-4668-BE54-9A1E7A4F7556}") = "EntityFramework", "EntityFramework\EntityFramework.csproj", "{A383538E-BC0F-4F33-BCFD-DAA38C308C46}"
EndProject
Project("{9A19103F-16F7-4668-BE54-9A1E7A4F7556}") = "XunitTests", "XunitTests\XunitTests.csproj", "{B2F59038-79FC-4519-A217-62FBBE3D53CF}"
EndProject
Project("{FAE04EC0-301F-11D3-BF4B-00C04F79EFBC}") = "Synchronization", "Synchronization\Synchronization.csproj", "{57A402A3-0E37-4A79-8ED6-7A7B7D8CEA88}"
EndProject
Global
	GlobalSection(SolutionConfigurationPlatforms) = preSolution
		Debug|Any CPU = Debug|Any CPU
		Release|Any CPU = Release|Any CPU
	EndGlobalSection
	GlobalSection(ProjectConfigurationPlatforms) = postSolution
		{F261CE8A-5D11-468F-B657-9634767B3A03}.Debug|Any CPU.ActiveCfg = Debug|Any CPU
		{F261CE8A-5D11-468F-B657-9634767B3A03}.Debug|Any CPU.Build.0 = Debug|Any CPU
		{F261CE8A-5D11-468F-B657-9634767B3A03}.Release|Any CPU.ActiveCfg = Release|Any CPU
		{F261CE8A-5D11-468F-B657-9634767B3A03}.Release|Any CPU.Build.0 = Release|Any CPU
		{CDA5DF83-69CA-4B8E-89DD-269F84F7EA7C}.Debug|Any CPU.ActiveCfg = Debug|Any CPU
		{CDA5DF83-69CA-4B8E-89DD-269F84F7EA7C}.Debug|Any CPU.Build.0 = Debug|Any CPU
		{CDA5DF83-69CA-4B8E-89DD-269F84F7EA7C}.Release|Any CPU.ActiveCfg = Release|Any CPU
		{CDA5DF83-69CA-4B8E-89DD-269F84F7EA7C}.Release|Any CPU.Build.0 = Release|Any CPU
		{316DE7AC-0BC0-4DD2-97AE-B897209D7489}.Debug|Any CPU.ActiveCfg = Debug|Any CPU
		{316DE7AC-0BC0-4DD2-97AE-B897209D7489}.Debug|Any CPU.Build.0 = Debug|Any CPU
		{316DE7AC-0BC0-4DD2-97AE-B897209D7489}.Release|Any CPU.ActiveCfg = Release|Any CPU
		{316DE7AC-0BC0-4DD2-97AE-B897209D7489}.Release|Any CPU.Build.0 = Release|Any CPU
		{852217D6-BDA1-463F-BC62-1950CE0B1B8B}.Debug|Any CPU.ActiveCfg = Debug|Any CPU
		{852217D6-BDA1-463F-BC62-1950CE0B1B8B}.Debug|Any CPU.Build.0 = Debug|Any CPU
		{852217D6-BDA1-463F-BC62-1950CE0B1B8B}.Release|Any CPU.ActiveCfg = Release|Any CPU
		{852217D6-BDA1-463F-BC62-1950CE0B1B8B}.Release|Any CPU.Build.0 = Release|Any CPU
		{6B8ABFEC-3FB1-4B79-8618-72AF838E3E30}.Debug|Any CPU.ActiveCfg = Debug|Any CPU
		{6B8ABFEC-3FB1-4B79-8618-72AF838E3E30}.Debug|Any CPU.Build.0 = Debug|Any CPU
		{6B8ABFEC-3FB1-4B79-8618-72AF838E3E30}.Release|Any CPU.ActiveCfg = Release|Any CPU
		{6B8ABFEC-3FB1-4B79-8618-72AF838E3E30}.Release|Any CPU.Build.0 = Release|Any CPU
		{AC59DEE6-2668-4289-9AC7-DAD550553884}.Debug|Any CPU.ActiveCfg = Debug|Any CPU
		{AC59DEE6-2668-4289-9AC7-DAD550553884}.Debug|Any CPU.Build.0 = Debug|Any CPU
		{AC59DEE6-2668-4289-9AC7-DAD550553884}.Release|Any CPU.ActiveCfg = Release|Any CPU
		{AC59DEE6-2668-4289-9AC7-DAD550553884}.Release|Any CPU.Build.0 = Release|Any CPU
		{39D18D48-0AD3-4878-90AE-85A84098435D}.Debug|Any CPU.ActiveCfg = Debug|Any CPU
		{39D18D48-0AD3-4878-90AE-85A84098435D}.Debug|Any CPU.Build.0 = Debug|Any CPU
		{39D18D48-0AD3-4878-90AE-85A84098435D}.Release|Any CPU.ActiveCfg = Release|Any CPU
		{39D18D48-0AD3-4878-90AE-85A84098435D}.Release|Any CPU.Build.0 = Release|Any CPU
		{8C66A394-20D1-49A8-8D46-58199094A53E}.Debug|Any CPU.ActiveCfg = Debug|Any CPU
		{8C66A394-20D1-49A8-8D46-58199094A53E}.Debug|Any CPU.Build.0 = Debug|Any CPU
		{8C66A394-20D1-49A8-8D46-58199094A53E}.Release|Any CPU.ActiveCfg = Release|Any CPU
		{8C66A394-20D1-49A8-8D46-58199094A53E}.Release|Any CPU.Build.0 = Release|Any CPU
		{EE5FF8AB-3566-4667-99E3-555EB756B0ED}.Debug|Any CPU.ActiveCfg = Debug|Any CPU
		{EE5FF8AB-3566-4667-99E3-555EB756B0ED}.Debug|Any CPU.Build.0 = Debug|Any CPU
		{EE5FF8AB-3566-4667-99E3-555EB756B0ED}.Release|Any CPU.ActiveCfg = Release|Any CPU
		{EE5FF8AB-3566-4667-99E3-555EB756B0ED}.Release|Any CPU.Build.0 = Release|Any CPU
		{7AC4156C-BC82-4B62-8AFF-1406FBDC9FF4}.Debug|Any CPU.ActiveCfg = Debug|Any CPU
		{7AC4156C-BC82-4B62-8AFF-1406FBDC9FF4}.Debug|Any CPU.Build.0 = Debug|Any CPU
		{7AC4156C-BC82-4B62-8AFF-1406FBDC9FF4}.Release|Any CPU.ActiveCfg = Release|Any CPU
		{7AC4156C-BC82-4B62-8AFF-1406FBDC9FF4}.Release|Any CPU.Build.0 = Release|Any CPU
		{70FCA0FD-F115-4BAF-88C0-48898D78B15A}.Debug|Any CPU.ActiveCfg = Debug|Any CPU
		{70FCA0FD-F115-4BAF-88C0-48898D78B15A}.Debug|Any CPU.Build.0 = Debug|Any CPU
		{70FCA0FD-F115-4BAF-88C0-48898D78B15A}.Release|Any CPU.ActiveCfg = Release|Any CPU
		{70FCA0FD-F115-4BAF-88C0-48898D78B15A}.Release|Any CPU.Build.0 = Release|Any CPU
		{1903543C-592A-4E54-8784-9CFCD8D23936}.Debug|Any CPU.ActiveCfg = Debug|Any CPU
		{1903543C-592A-4E54-8784-9CFCD8D23936}.Debug|Any CPU.Build.0 = Debug|Any CPU
		{1903543C-592A-4E54-8784-9CFCD8D23936}.Release|Any CPU.ActiveCfg = Release|Any CPU
		{1903543C-592A-4E54-8784-9CFCD8D23936}.Release|Any CPU.Build.0 = Release|Any CPU
		{FC782A0B-DC73-4302-83D1-CB2335233C4D}.Debug|Any CPU.ActiveCfg = Debug|Any CPU
		{FC782A0B-DC73-4302-83D1-CB2335233C4D}.Debug|Any CPU.Build.0 = Debug|Any CPU
		{FC782A0B-DC73-4302-83D1-CB2335233C4D}.Release|Any CPU.ActiveCfg = Release|Any CPU
		{FC782A0B-DC73-4302-83D1-CB2335233C4D}.Release|Any CPU.Build.0 = Release|Any CPU
		{2E5AA03F-D7A1-4167-A8A7-AE75C1EC2DD3}.Debug|Any CPU.ActiveCfg = Debug|Any CPU
		{2E5AA03F-D7A1-4167-A8A7-AE75C1EC2DD3}.Debug|Any CPU.Build.0 = Debug|Any CPU
		{2E5AA03F-D7A1-4167-A8A7-AE75C1EC2DD3}.Release|Any CPU.ActiveCfg = Release|Any CPU
		{2E5AA03F-D7A1-4167-A8A7-AE75C1EC2DD3}.Release|Any CPU.Build.0 = Release|Any CPU
		{DEC3A874-C6C0-4E98-A182-73469EEE624C}.Debug|Any CPU.ActiveCfg = Debug|Any CPU
		{DEC3A874-C6C0-4E98-A182-73469EEE624C}.Debug|Any CPU.Build.0 = Debug|Any CPU
		{DEC3A874-C6C0-4E98-A182-73469EEE624C}.Release|Any CPU.ActiveCfg = Release|Any CPU
		{DEC3A874-C6C0-4E98-A182-73469EEE624C}.Release|Any CPU.Build.0 = Release|Any CPU
		{EA47DB71-22C6-476B-B5AC-3ED35F1ACB6C}.Debug|Any CPU.ActiveCfg = Debug|Any CPU
		{EA47DB71-22C6-476B-B5AC-3ED35F1ACB6C}.Debug|Any CPU.Build.0 = Debug|Any CPU
		{EA47DB71-22C6-476B-B5AC-3ED35F1ACB6C}.Release|Any CPU.ActiveCfg = Release|Any CPU
		{EA47DB71-22C6-476B-B5AC-3ED35F1ACB6C}.Release|Any CPU.Build.0 = Release|Any CPU
		{5BCC07D6-5D8B-4B2F-BAD4-5277417B81FC}.Debug|Any CPU.ActiveCfg = Debug|Any CPU
		{5BCC07D6-5D8B-4B2F-BAD4-5277417B81FC}.Debug|Any CPU.Build.0 = Debug|Any CPU
		{5BCC07D6-5D8B-4B2F-BAD4-5277417B81FC}.Release|Any CPU.ActiveCfg = Release|Any CPU
		{5BCC07D6-5D8B-4B2F-BAD4-5277417B81FC}.Release|Any CPU.Build.0 = Release|Any CPU
		{BFB5984A-C821-49BC-9F4C-C2542A069DE3}.Debug|Any CPU.ActiveCfg = Debug|Any CPU
		{BFB5984A-C821-49BC-9F4C-C2542A069DE3}.Debug|Any CPU.Build.0 = Debug|Any CPU
		{BFB5984A-C821-49BC-9F4C-C2542A069DE3}.Release|Any CPU.ActiveCfg = Release|Any CPU
		{BFB5984A-C821-49BC-9F4C-C2542A069DE3}.Release|Any CPU.Build.0 = Release|Any CPU
		{1141BBCC-322F-4ABB-8E7F-CA6105A286A1}.Debug|Any CPU.ActiveCfg = Debug|Any CPU
		{1141BBCC-322F-4ABB-8E7F-CA6105A286A1}.Debug|Any CPU.Build.0 = Debug|Any CPU
		{1141BBCC-322F-4ABB-8E7F-CA6105A286A1}.Release|Any CPU.ActiveCfg = Release|Any CPU
		{1141BBCC-322F-4ABB-8E7F-CA6105A286A1}.Release|Any CPU.Build.0 = Release|Any CPU
		{0BE06474-6205-445F-A448-8816097E986F}.Debug|Any CPU.ActiveCfg = Debug|Any CPU
		{0BE06474-6205-445F-A448-8816097E986F}.Debug|Any CPU.Build.0 = Debug|Any CPU
		{0BE06474-6205-445F-A448-8816097E986F}.Release|Any CPU.ActiveCfg = Release|Any CPU
		{0BE06474-6205-445F-A448-8816097E986F}.Release|Any CPU.Build.0 = Release|Any CPU
		{224EF2D7-C82D-424F-BAAC-0D1707F960F2}.Debug|Any CPU.ActiveCfg = Debug|Any CPU
		{224EF2D7-C82D-424F-BAAC-0D1707F960F2}.Debug|Any CPU.Build.0 = Debug|Any CPU
		{224EF2D7-C82D-424F-BAAC-0D1707F960F2}.Release|Any CPU.ActiveCfg = Release|Any CPU
		{224EF2D7-C82D-424F-BAAC-0D1707F960F2}.Release|Any CPU.Build.0 = Release|Any CPU
		{43C7AE29-F063-4D65-ABF3-7545D870762F}.Debug|Any CPU.ActiveCfg = Debug|Any CPU
		{43C7AE29-F063-4D65-ABF3-7545D870762F}.Debug|Any CPU.Build.0 = Debug|Any CPU
		{43C7AE29-F063-4D65-ABF3-7545D870762F}.Release|Any CPU.ActiveCfg = Release|Any CPU
		{43C7AE29-F063-4D65-ABF3-7545D870762F}.Release|Any CPU.Build.0 = Release|Any CPU
		{72F91DF4-B5BE-41FB-BEB4-28E6DF9AC5A9}.Debug|Any CPU.ActiveCfg = Debug|Any CPU
		{72F91DF4-B5BE-41FB-BEB4-28E6DF9AC5A9}.Debug|Any CPU.Build.0 = Debug|Any CPU
		{72F91DF4-B5BE-41FB-BEB4-28E6DF9AC5A9}.Release|Any CPU.ActiveCfg = Release|Any CPU
		{72F91DF4-B5BE-41FB-BEB4-28E6DF9AC5A9}.Release|Any CPU.Build.0 = Release|Any CPU
		{A383538E-BC0F-4F33-BCFD-DAA38C308C46}.Debug|Any CPU.ActiveCfg = Debug|Any CPU
		{A383538E-BC0F-4F33-BCFD-DAA38C308C46}.Debug|Any CPU.Build.0 = Debug|Any CPU
		{A383538E-BC0F-4F33-BCFD-DAA38C308C46}.Release|Any CPU.ActiveCfg = Release|Any CPU
		{A383538E-BC0F-4F33-BCFD-DAA38C308C46}.Release|Any CPU.Build.0 = Release|Any CPU
		{B2F59038-79FC-4519-A217-62FBBE3D53CF}.Debug|Any CPU.ActiveCfg = Debug|Any CPU
		{B2F59038-79FC-4519-A217-62FBBE3D53CF}.Debug|Any CPU.Build.0 = Debug|Any CPU
		{B2F59038-79FC-4519-A217-62FBBE3D53CF}.Release|Any CPU.ActiveCfg = Release|Any CPU
		{B2F59038-79FC-4519-A217-62FBBE3D53CF}.Release|Any CPU.Build.0 = Release|Any CPU
		{57A402A3-0E37-4A79-8ED6-7A7B7D8CEA88}.Debug|Any CPU.ActiveCfg = Debug|Any CPU
		{57A402A3-0E37-4A79-8ED6-7A7B7D8CEA88}.Debug|Any CPU.Build.0 = Debug|Any CPU
		{57A402A3-0E37-4A79-8ED6-7A7B7D8CEA88}.Release|Any CPU.ActiveCfg = Release|Any CPU
		{57A402A3-0E37-4A79-8ED6-7A7B7D8CEA88}.Release|Any CPU.Build.0 = Release|Any CPU
	EndGlobalSection
	GlobalSection(SolutionProperties) = preSolution
		HideSolutionNode = FALSE
	EndGlobalSection
	GlobalSection(NestedProjects) = preSolution
		{7C4FA277-3519-411A-BC08-8A4A13659B53} = {9B7D1A33-3C0A-4512-A86B-981FEA4D1AA0}
		{852217D6-BDA1-463F-BC62-1950CE0B1B8B} = {7C4FA277-3519-411A-BC08-8A4A13659B53}
		{D467B229-8132-4D46-9508-2ABBF432AE4C} = {9B7D1A33-3C0A-4512-A86B-981FEA4D1AA0}
		{6B8ABFEC-3FB1-4B79-8618-72AF838E3E30} = {D467B229-8132-4D46-9508-2ABBF432AE4C}
		{790AF199-67D2-4AF1-A657-9C5390651ED6} = {9B7D1A33-3C0A-4512-A86B-981FEA4D1AA0}
		{41E10902-ED8E-4CB7-94D2-539A7AEE0A8B} = {790AF199-67D2-4AF1-A657-9C5390651ED6}
		{C8E1606E-C357-42AE-81B8-6F3950885C7E} = {790AF199-67D2-4AF1-A657-9C5390651ED6}
		{AC59DEE6-2668-4289-9AC7-DAD550553884} = {41E10902-ED8E-4CB7-94D2-539A7AEE0A8B}
		{39D18D48-0AD3-4878-90AE-85A84098435D} = {41E10902-ED8E-4CB7-94D2-539A7AEE0A8B}
		{8C66A394-20D1-49A8-8D46-58199094A53E} = {41E10902-ED8E-4CB7-94D2-539A7AEE0A8B}
		{EE5FF8AB-3566-4667-99E3-555EB756B0ED} = {41E10902-ED8E-4CB7-94D2-539A7AEE0A8B}
		{7AC4156C-BC82-4B62-8AFF-1406FBDC9FF4} = {C8E1606E-C357-42AE-81B8-6F3950885C7E}
		{70FCA0FD-F115-4BAF-88C0-48898D78B15A} = {C8E1606E-C357-42AE-81B8-6F3950885C7E}
		{1903543C-592A-4E54-8784-9CFCD8D23936} = {C8E1606E-C357-42AE-81B8-6F3950885C7E}
		{FC782A0B-DC73-4302-83D1-CB2335233C4D} = {C8E1606E-C357-42AE-81B8-6F3950885C7E}
		{EA47DB71-22C6-476B-B5AC-3ED35F1ACB6C} = {35F3C395-906B-4A31-B63B-8F637F96766C}
		{BFB5984A-C821-49BC-9F4C-C2542A069DE3} = {8958286D-E24F-4497-ABFF-8BE7568AF223}
		{0BE06474-6205-445F-A448-8816097E986F} = {8958286D-E24F-4497-ABFF-8BE7568AF223}
		{224EF2D7-C82D-424F-BAAC-0D1707F960F2} = {35F3C395-906B-4A31-B63B-8F637F96766C}
		{43C7AE29-F063-4D65-ABF3-7545D870762F} = {35F3C395-906B-4A31-B63B-8F637F96766C}
		{72F91DF4-B5BE-41FB-BEB4-28E6DF9AC5A9} = {A6D64FEF-9D19-4DEF-B8ED-83F4E1407D6F}
		{A383538E-BC0F-4F33-BCFD-DAA38C308C46} = {A6D64FEF-9D19-4DEF-B8ED-83F4E1407D6F}
	EndGlobalSection
	GlobalSection(ExtensibilityGlobals) = postSolution
		SolutionGuid = {63BA0AEB-B346-46D0-814A-73068867BE84}
	EndGlobalSection
EndGlobal
